// !$*UTF8*$!
{
	archiveVersion = 1;
	classes = {
	};
	objectVersion = 46;
	objects = {

/* Begin PBXBuildFile section */
		B02D25C71742E72800611C20 /* Packet.m in Sources */ = {isa = PBXBuildFile; fileRef = B02D25C61742E72800611C20 /* Packet.m */; };
		B0335B41173F347D00B6F01C /* Primitives.m in Sources */ = {isa = PBXBuildFile; fileRef = B0335B40173F347D00B6F01C /* Primitives.m */; };
		B0335B4B173F37B300B6F01C /* SenTestingKit.framework in Frameworks */ = {isa = PBXBuildFile; fileRef = B04DCE07173F325000E62CA1 /* SenTestingKit.framework */; };
		B0335B4C173F37B300B6F01C /* UIKit.framework in Frameworks */ = {isa = PBXBuildFile; fileRef = B04DCE09173F325000E62CA1 /* UIKit.framework */; };
		B0335B4D173F37B300B6F01C /* Foundation.framework in Frameworks */ = {isa = PBXBuildFile; fileRef = B0F7C4D6173F319700275A2D /* Foundation.framework */; };
		B0335B53173F37B300B6F01C /* InfoPlist.strings in Resources */ = {isa = PBXBuildFile; fileRef = B0335B51173F37B300B6F01C /* InfoPlist.strings */; };
		B03783CA173F3BCC000D8D09 /* PrimitivesSpec.m in Sources */ = {isa = PBXBuildFile; fileRef = B03783C9173F3BCC000D8D09 /* PrimitivesSpec.m */; };
		B03783CD173F3E0D000D8D09 /* libSimpleSecrets.a in Frameworks */ = {isa = PBXBuildFile; fileRef = B0F7C4D3173F319700275A2D /* libSimpleSecrets.a */; };
		B03783CF173F3E5F000D8D09 /* Security.framework in Frameworks */ = {isa = PBXBuildFile; fileRef = B03783CE173F3E5F000D8D09 /* Security.framework */; };
		B03783D0173F3E80000D8D09 /* Security.framework in Frameworks */ = {isa = PBXBuildFile; fileRef = B03783CE173F3E5F000D8D09 /* Security.framework */; };
		B03783D3173F5F43000D8D09 /* hexString.c in Sources */ = {isa = PBXBuildFile; fileRef = B03783D2173F5F43000D8D09 /* hexString.c */; };
		B071CCA0174BFCCD00AE8303 /* PacketSpec.m in Sources */ = {isa = PBXBuildFile; fileRef = B071CC9F174BFCCD00AE8303 /* PacketSpec.m */; };
		B0F7C4D7173F319700275A2D /* Foundation.framework in Frameworks */ = {isa = PBXBuildFile; fileRef = B0F7C4D6173F319700275A2D /* Foundation.framework */; };
		B0F7C4DC173F319700275A2D /* SimpleSecrets.h in CopyFiles */ = {isa = PBXBuildFile; fileRef = B0F7C4DB173F319700275A2D /* SimpleSecrets.h */; };
		B0F7C4DE173F319700275A2D /* SimpleSecrets.m in Sources */ = {isa = PBXBuildFile; fileRef = B0F7C4DD173F319700275A2D /* SimpleSecrets.m */; };
		B562B3E71E16404DBA8D6E09 /* libPods-SimpleSecretsSpecs.a in Frameworks */ = {isa = PBXBuildFile; fileRef = 38B2DA8E49824D81AAE21568 /* libPods-SimpleSecretsSpecs.a */; };
		E0BD27DC8EF54F1AA81F70B0 /* libPods.a in Frameworks */ = {isa = PBXBuildFile; fileRef = E88941A43E0445F1A917BAAF /* libPods.a */; };
/* End PBXBuildFile section */

/* Begin PBXContainerItemProxy section */
		B03783CB173F3DF3000D8D09 /* PBXContainerItemProxy */ = {
			isa = PBXContainerItemProxy;
			containerPortal = B0F7C4CB173F319700275A2D /* Project object */;
			proxyType = 1;
			remoteGlobalIDString = B0F7C4D2173F319700275A2D;
			remoteInfo = SimpleSecrets;
		};
/* End PBXContainerItemProxy section */

/* Begin PBXCopyFilesBuildPhase section */
		B0F7C4D1173F319700275A2D /* CopyFiles */ = {
			isa = PBXCopyFilesBuildPhase;
			buildActionMask = 2147483647;
			dstPath = "include/${PRODUCT_NAME}";
			dstSubfolderSpec = 16;
			files = (
				B0F7C4DC173F319700275A2D /* SimpleSecrets.h in CopyFiles */,
			);
			runOnlyForDeploymentPostprocessing = 0;
		};
/* End PBXCopyFilesBuildPhase section */

/* Begin PBXFileReference section */
		38B2DA8E49824D81AAE21568 /* libPods-SimpleSecretsSpecs.a */ = {isa = PBXFileReference; explicitFileType = archive.ar; includeInIndex = 0; path = "libPods-SimpleSecretsSpecs.a"; sourceTree = BUILT_PRODUCTS_DIR; };
		4C538F14979749B1AEADCB18 /* Pods-SimpleSecretsSpecs.xcconfig */ = {isa = PBXFileReference; includeInIndex = 1; lastKnownFileType = text.xcconfig; name = "Pods-SimpleSecretsSpecs.xcconfig"; path = "Pods/Pods-SimpleSecretsSpecs.xcconfig"; sourceTree = SOURCE_ROOT; };
		96FAD54517954F9D862C1EAD /* libPods-KiwiUnitTest.a */ = {isa = PBXFileReference; explicitFileType = archive.ar; includeInIndex = 0; path = "libPods-KiwiUnitTest.a"; sourceTree = BUILT_PRODUCTS_DIR; };
		B02D25C51742E72800611C20 /* Packet.h */ = {isa = PBXFileReference; fileEncoding = 4; lastKnownFileType = sourcecode.c.h; path = Packet.h; sourceTree = "<group>"; };
		B02D25C61742E72800611C20 /* Packet.m */ = {isa = PBXFileReference; fileEncoding = 4; lastKnownFileType = sourcecode.c.objc; path = Packet.m; sourceTree = "<group>"; };
		B0335B3F173F347D00B6F01C /* Primitives.h */ = {isa = PBXFileReference; fileEncoding = 4; lastKnownFileType = sourcecode.c.h; path = Primitives.h; sourceTree = "<group>"; };
		B0335B40173F347D00B6F01C /* Primitives.m */ = {isa = PBXFileReference; fileEncoding = 4; lastKnownFileType = sourcecode.c.objc; path = Primitives.m; sourceTree = "<group>"; };
		B0335B4A173F37B300B6F01C /* SimpleSecretsSpecs.octest */ = {isa = PBXFileReference; explicitFileType = wrapper.cfbundle; includeInIndex = 0; path = SimpleSecretsSpecs.octest; sourceTree = BUILT_PRODUCTS_DIR; };
		B0335B50173F37B300B6F01C /* SimpleSecretsSpecs-Info.plist */ = {isa = PBXFileReference; lastKnownFileType = text.plist.xml; path = "SimpleSecretsSpecs-Info.plist"; sourceTree = "<group>"; };
		B0335B52173F37B300B6F01C /* en */ = {isa = PBXFileReference; lastKnownFileType = text.plist.strings; name = en; path = en.lproj/InfoPlist.strings; sourceTree = "<group>"; };
		B0335B57173F37B300B6F01C /* SimpleSecretsSpecs-Prefix.pch */ = {isa = PBXFileReference; lastKnownFileType = sourcecode.c.h; path = "SimpleSecretsSpecs-Prefix.pch"; sourceTree = "<group>"; };
		B03783C9173F3BCC000D8D09 /* PrimitivesSpec.m */ = {isa = PBXFileReference; fileEncoding = 4; lastKnownFileType = sourcecode.c.objc; path = PrimitivesSpec.m; sourceTree = "<group>"; };
		B03783CE173F3E5F000D8D09 /* Security.framework */ = {isa = PBXFileReference; lastKnownFileType = wrapper.framework; name = Security.framework; path = System/Library/Frameworks/Security.framework; sourceTree = SDKROOT; };
		B03783D2173F5F43000D8D09 /* hexString.c */ = {isa = PBXFileReference; fileEncoding = 4; lastKnownFileType = sourcecode.c.c; path = hexString.c; sourceTree = "<group>"; };
		B03783D4173F5F61000D8D09 /* hexString.h */ = {isa = PBXFileReference; lastKnownFileType = sourcecode.c.h; path = hexString.h; sourceTree = "<group>"; };
		B04DCE07173F325000E62CA1 /* SenTestingKit.framework */ = {isa = PBXFileReference; lastKnownFileType = wrapper.framework; name = SenTestingKit.framework; path = Library/Frameworks/SenTestingKit.framework; sourceTree = DEVELOPER_DIR; };
		B04DCE09173F325000E62CA1 /* UIKit.framework */ = {isa = PBXFileReference; lastKnownFileType = wrapper.framework; name = UIKit.framework; path = Library/Frameworks/UIKit.framework; sourceTree = DEVELOPER_DIR; };
		B071CC9F174BFCCD00AE8303 /* PacketSpec.m */ = {isa = PBXFileReference; fileEncoding = 4; lastKnownFileType = sourcecode.c.objc; path = PacketSpec.m; sourceTree = "<group>"; };
		B0F7C4D3173F319700275A2D /* libSimpleSecrets.a */ = {isa = PBXFileReference; explicitFileType = archive.ar; includeInIndex = 0; path = libSimpleSecrets.a; sourceTree = BUILT_PRODUCTS_DIR; };
		B0F7C4D6173F319700275A2D /* Foundation.framework */ = {isa = PBXFileReference; lastKnownFileType = wrapper.framework; name = Foundation.framework; path = System/Library/Frameworks/Foundation.framework; sourceTree = SDKROOT; };
		B0F7C4DA173F319700275A2D /* SimpleSecrets-Prefix.pch */ = {isa = PBXFileReference; lastKnownFileType = sourcecode.c.h; path = "SimpleSecrets-Prefix.pch"; sourceTree = "<group>"; };
		B0F7C4DB173F319700275A2D /* SimpleSecrets.h */ = {isa = PBXFileReference; lastKnownFileType = sourcecode.c.h; path = SimpleSecrets.h; sourceTree = "<group>"; };
		B0F7C4DD173F319700275A2D /* SimpleSecrets.m */ = {isa = PBXFileReference; lastKnownFileType = sourcecode.c.objc; path = SimpleSecrets.m; sourceTree = "<group>"; };
		E88941A43E0445F1A917BAAF /* libPods.a */ = {isa = PBXFileReference; explicitFileType = archive.ar; includeInIndex = 0; path = libPods.a; sourceTree = BUILT_PRODUCTS_DIR; };
		FB1194CDFC3B4207976AC87D /* Pods.xcconfig */ = {isa = PBXFileReference; includeInIndex = 1; lastKnownFileType = text.xcconfig; name = Pods.xcconfig; path = Pods/Pods.xcconfig; sourceTree = SOURCE_ROOT; };
/* End PBXFileReference section */

/* Begin PBXFrameworksBuildPhase section */
		B0335B46173F37B300B6F01C /* Frameworks */ = {
			isa = PBXFrameworksBuildPhase;
			buildActionMask = 2147483647;
			files = (
				B03783D0173F3E80000D8D09 /* Security.framework in Frameworks */,
				B03783CD173F3E0D000D8D09 /* libSimpleSecrets.a in Frameworks */,
				B0335B4B173F37B300B6F01C /* SenTestingKit.framework in Frameworks */,
				B0335B4C173F37B300B6F01C /* UIKit.framework in Frameworks */,
				B0335B4D173F37B300B6F01C /* Foundation.framework in Frameworks */,
				B562B3E71E16404DBA8D6E09 /* libPods-SimpleSecretsSpecs.a in Frameworks */,
			);
			runOnlyForDeploymentPostprocessing = 0;
		};
		B0F7C4D0173F319700275A2D /* Frameworks */ = {
			isa = PBXFrameworksBuildPhase;
			buildActionMask = 2147483647;
			files = (
				B03783CF173F3E5F000D8D09 /* Security.framework in Frameworks */,
				B0F7C4D7173F319700275A2D /* Foundation.framework in Frameworks */,
				E0BD27DC8EF54F1AA81F70B0 /* libPods.a in Frameworks */,
			);
			runOnlyForDeploymentPostprocessing = 0;
		};
/* End PBXFrameworksBuildPhase section */

/* Begin PBXGroup section */
		B0335B4E173F37B300B6F01C /* SimpleSecretsSpecs */ = {
			isa = PBXGroup;
			children = (
				B071CC9F174BFCCD00AE8303 /* PacketSpec.m */,
				B03783C9173F3BCC000D8D09 /* PrimitivesSpec.m */,
				B03783D1173F5F1D000D8D09 /* Utilities */,
				B0335B4F173F37B300B6F01C /* Supporting Files */,
			);
			path = SimpleSecretsSpecs;
			sourceTree = "<group>";
		};
		B0335B4F173F37B300B6F01C /* Supporting Files */ = {
			isa = PBXGroup;
			children = (
				B0335B50173F37B300B6F01C /* SimpleSecretsSpecs-Info.plist */,
				B0335B51173F37B300B6F01C /* InfoPlist.strings */,
				B0335B57173F37B300B6F01C /* SimpleSecretsSpecs-Prefix.pch */,
			);
			name = "Supporting Files";
			sourceTree = "<group>";
		};
		B03783D1173F5F1D000D8D09 /* Utilities */ = {
			isa = PBXGroup;
			children = (
				B03783D4173F5F61000D8D09 /* hexString.h */,
				B03783D2173F5F43000D8D09 /* hexString.c */,
			);
			name = Utilities;
			sourceTree = "<group>";
		};
		B0F7C4CA173F319700275A2D = {
			isa = PBXGroup;
			children = (
				B03783CE173F3E5F000D8D09 /* Security.framework */,
				B0F7C4D8173F319700275A2D /* SimpleSecrets */,
				B0335B4E173F37B300B6F01C /* SimpleSecretsSpecs */,
				B0F7C4D5173F319700275A2D /* Frameworks */,
				B0F7C4D4173F319700275A2D /* Products */,
				4C538F14979749B1AEADCB18 /* Pods-SimpleSecretsSpecs.xcconfig */,
				FB1194CDFC3B4207976AC87D /* Pods.xcconfig */,
			);
			sourceTree = "<group>";
		};
		B0F7C4D4173F319700275A2D /* Products */ = {
			isa = PBXGroup;
			children = (
				B0F7C4D3173F319700275A2D /* libSimpleSecrets.a */,
				B0335B4A173F37B300B6F01C /* SimpleSecretsSpecs.octest */,
			);
			name = Products;
			sourceTree = "<group>";
		};
		B0F7C4D5173F319700275A2D /* Frameworks */ = {
			isa = PBXGroup;
			children = (
				B0F7C4D6173F319700275A2D /* Foundation.framework */,
				B04DCE07173F325000E62CA1 /* SenTestingKit.framework */,
				B04DCE09173F325000E62CA1 /* UIKit.framework */,
				96FAD54517954F9D862C1EAD /* libPods-KiwiUnitTest.a */,
				38B2DA8E49824D81AAE21568 /* libPods-SimpleSecretsSpecs.a */,
				E88941A43E0445F1A917BAAF /* libPods.a */,
			);
			name = Frameworks;
			sourceTree = "<group>";
		};
		B0F7C4D8173F319700275A2D /* SimpleSecrets */ = {
			isa = PBXGroup;
			children = (
				B0F7C4DB173F319700275A2D /* SimpleSecrets.h */,
				B0F7C4DD173F319700275A2D /* SimpleSecrets.m */,
				B02D25C51742E72800611C20 /* Packet.h */,
				B02D25C61742E72800611C20 /* Packet.m */,
				B0335B3F173F347D00B6F01C /* Primitives.h */,
				B0335B40173F347D00B6F01C /* Primitives.m */,
				B0F7C4D9173F319700275A2D /* Supporting Files */,
			);
			path = SimpleSecrets;
			sourceTree = "<group>";
		};
		B0F7C4D9173F319700275A2D /* Supporting Files */ = {
			isa = PBXGroup;
			children = (
				B0F7C4DA173F319700275A2D /* SimpleSecrets-Prefix.pch */,
			);
			name = "Supporting Files";
			sourceTree = "<group>";
		};
/* End PBXGroup section */

/* Begin PBXNativeTarget section */
		B0335B49173F37B300B6F01C /* SimpleSecretsSpecs */ = {
			isa = PBXNativeTarget;
			buildConfigurationList = B0335B58173F37B300B6F01C /* Build configuration list for PBXNativeTarget "SimpleSecretsSpecs" */;
			buildPhases = (
				4378AA516F4C4FCA92CBBEBA /* Check Pods Manifest.lock */,
				B0335B45173F37B300B6F01C /* Sources */,
				B0335B46173F37B300B6F01C /* Frameworks */,
				B0335B47173F37B300B6F01C /* Resources */,
				B0335B48173F37B300B6F01C /* ShellScript */,
				AFE74426537A4911860B9C2E /* Copy Pods Resources */,
			);
			buildRules = (
			);
			dependencies = (
				B03783CC173F3DF3000D8D09 /* PBXTargetDependency */,
			);
			name = SimpleSecretsSpecs;
			productName = SimpleSecretsSpecs;
			productReference = B0335B4A173F37B300B6F01C /* SimpleSecretsSpecs.octest */;
			productType = "com.apple.product-type.bundle";
		};
		B0F7C4D2173F319700275A2D /* SimpleSecrets */ = {
			isa = PBXNativeTarget;
			buildConfigurationList = B0F7C4E1173F319700275A2D /* Build configuration list for PBXNativeTarget "SimpleSecrets" */;
			buildPhases = (
				FF38DAD336C043649642C983 /* Check Pods Manifest.lock */,
				B0F7C4CF173F319700275A2D /* Sources */,
				B0F7C4D0173F319700275A2D /* Frameworks */,
				B0F7C4D1173F319700275A2D /* CopyFiles */,
				52B6FCCF3F2A4CA29F0C15C5 /* Copy Pods Resources */,
			);
			buildRules = (
			);
			dependencies = (
			);
			name = SimpleSecrets;
			productName = SimpleSecrets;
			productReference = B0F7C4D3173F319700275A2D /* libSimpleSecrets.a */;
			productType = "com.apple.product-type.library.static";
		};
/* End PBXNativeTarget section */

/* Begin PBXProject section */
		B0F7C4CB173F319700275A2D /* Project object */ = {
			isa = PBXProject;
			attributes = {
				LastUpgradeCheck = 0460;
				ORGANIZATIONNAME = "Tim Shadel";
			};
			buildConfigurationList = B0F7C4CE173F319700275A2D /* Build configuration list for PBXProject "SimpleSecrets" */;
			compatibilityVersion = "Xcode 3.2";
			developmentRegion = English;
			hasScannedForEncodings = 0;
			knownRegions = (
				en,
			);
			mainGroup = B0F7C4CA173F319700275A2D;
			productRefGroup = B0F7C4D4173F319700275A2D /* Products */;
			projectDirPath = "";
			projectRoot = "";
			targets = (
				B0F7C4D2173F319700275A2D /* SimpleSecrets */,
				B0335B49173F37B300B6F01C /* SimpleSecretsSpecs */,
			);
		};
/* End PBXProject section */

/* Begin PBXResourcesBuildPhase section */
		B0335B47173F37B300B6F01C /* Resources */ = {
			isa = PBXResourcesBuildPhase;
			buildActionMask = 2147483647;
			files = (
				B0335B53173F37B300B6F01C /* InfoPlist.strings in Resources */,
			);
			runOnlyForDeploymentPostprocessing = 0;
		};
/* End PBXResourcesBuildPhase section */

/* Begin PBXShellScriptBuildPhase section */
		4378AA516F4C4FCA92CBBEBA /* Check Pods Manifest.lock */ = {
			isa = PBXShellScriptBuildPhase;
			buildActionMask = 2147483647;
			files = (
			);
			inputPaths = (
			);
			name = "Check Pods Manifest.lock";
			outputPaths = (
			);
			runOnlyForDeploymentPostprocessing = 0;
			shellPath = /bin/sh;
			shellScript = "diff \"${PODS_ROOT}/../Podfile.lock\" \"${PODS_ROOT}/Manifest.lock\" > /dev/null\nif [[ $? != 0 ]] ; then\n    cat << EOM\nerror: The sandbox is not in sync with the Podfile.lock. Run 'pod install' or update your CocoaPods installation.\nEOM\n    exit 1\nfi\n";
		};
		52B6FCCF3F2A4CA29F0C15C5 /* Copy Pods Resources */ = {
			isa = PBXShellScriptBuildPhase;
			buildActionMask = 2147483647;
			files = (
			);
			inputPaths = (
			);
			name = "Copy Pods Resources";
			outputPaths = (
			);
			runOnlyForDeploymentPostprocessing = 0;
			shellPath = /bin/sh;
			shellScript = "\"${SRCROOT}/Pods/Pods-resources.sh\"\n";
		};
		AFE74426537A4911860B9C2E /* Copy Pods Resources */ = {
			isa = PBXShellScriptBuildPhase;
			buildActionMask = 2147483647;
			files = (
			);
			inputPaths = (
			);
			name = "Copy Pods Resources";
			outputPaths = (
			);
			runOnlyForDeploymentPostprocessing = 0;
			shellPath = /bin/sh;
			shellScript = "\"${SRCROOT}/Pods/Pods-SimpleSecretsSpecs-resources.sh\"\n";
		};
		B0335B48173F37B300B6F01C /* ShellScript */ = {
			isa = PBXShellScriptBuildPhase;
			buildActionMask = 2147483647;
			files = (
			);
			inputPaths = (
			);
			outputPaths = (
			);
			runOnlyForDeploymentPostprocessing = 0;
			shellPath = /bin/sh;
			shellScript = "# Run the unit tests in this test bundle.\n\"${SYSTEM_DEVELOPER_DIR}/Tools/RunUnitTests\"\n";
		};
		FF38DAD336C043649642C983 /* Check Pods Manifest.lock */ = {
			isa = PBXShellScriptBuildPhase;
			buildActionMask = 2147483647;
			files = (
			);
			inputPaths = (
			);
			name = "Check Pods Manifest.lock";
			outputPaths = (
			);
			runOnlyForDeploymentPostprocessing = 0;
			shellPath = /bin/sh;
			shellScript = "diff \"${PODS_ROOT}/../Podfile.lock\" \"${PODS_ROOT}/Manifest.lock\" > /dev/null\nif [[ $? != 0 ]] ; then\n    cat << EOM\nerror: The sandbox is not in sync with the Podfile.lock. Run 'pod install' or update your CocoaPods installation.\nEOM\n    exit 1\nfi\n";
		};
/* End PBXShellScriptBuildPhase section */

/* Begin PBXSourcesBuildPhase section */
		B0335B45173F37B300B6F01C /* Sources */ = {
			isa = PBXSourcesBuildPhase;
			buildActionMask = 2147483647;
			files = (
				B03783CA173F3BCC000D8D09 /* PrimitivesSpec.m in Sources */,
				B03783D3173F5F43000D8D09 /* hexString.c in Sources */,
				B071CCA0174BFCCD00AE8303 /* PacketSpec.m in Sources */,
			);
			runOnlyForDeploymentPostprocessing = 0;
		};
		B0F7C4CF173F319700275A2D /* Sources */ = {
			isa = PBXSourcesBuildPhase;
			buildActionMask = 2147483647;
			files = (
				B0F7C4DE173F319700275A2D /* SimpleSecrets.m in Sources */,
				B0335B41173F347D00B6F01C /* Primitives.m in Sources */,
				B02D25C71742E72800611C20 /* Packet.m in Sources */,
			);
			runOnlyForDeploymentPostprocessing = 0;
		};
/* End PBXSourcesBuildPhase section */

/* Begin PBXTargetDependency section */
		B03783CC173F3DF3000D8D09 /* PBXTargetDependency */ = {
			isa = PBXTargetDependency;
			target = B0F7C4D2173F319700275A2D /* SimpleSecrets */;
			targetProxy = B03783CB173F3DF3000D8D09 /* PBXContainerItemProxy */;
		};
/* End PBXTargetDependency section */

/* Begin PBXVariantGroup section */
		B0335B51173F37B300B6F01C /* InfoPlist.strings */ = {
			isa = PBXVariantGroup;
			children = (
				B0335B52173F37B300B6F01C /* en */,
			);
			name = InfoPlist.strings;
			sourceTree = "<group>";
		};
/* End PBXVariantGroup section */

/* Begin XCBuildConfiguration section */
		B0335B59173F37B300B6F01C /* Debug */ = {
			isa = XCBuildConfiguration;
			baseConfigurationReference = 4C538F14979749B1AEADCB18 /* Pods-SimpleSecretsSpecs.xcconfig */;
			buildSettings = {
				FRAMEWORK_SEARCH_PATHS = (
					"\"$(SDKROOT)/Developer/Library/Frameworks\"",
					"\"$(DEVELOPER_LIBRARY_DIR)/Frameworks\"",
				);
				GCC_PRECOMPILE_PREFIX_HEADER = YES;
				GCC_PREFIX_HEADER = "SimpleSecretsSpecs/SimpleSecretsSpecs-Prefix.pch";
				INFOPLIST_FILE = "SimpleSecretsSpecs/SimpleSecretsSpecs-Info.plist";
				PRODUCT_NAME = "$(TARGET_NAME)";
				WRAPPER_EXTENSION = octest;
			};
			name = Debug;
		};
		B0335B5A173F37B300B6F01C /* Release */ = {
			isa = XCBuildConfiguration;
			baseConfigurationReference = 4C538F14979749B1AEADCB18 /* Pods-SimpleSecretsSpecs.xcconfig */;
			buildSettings = {
				FRAMEWORK_SEARCH_PATHS = (
					"\"$(SDKROOT)/Developer/Library/Frameworks\"",
					"\"$(DEVELOPER_LIBRARY_DIR)/Frameworks\"",
				);
				GCC_PRECOMPILE_PREFIX_HEADER = YES;
				GCC_PREFIX_HEADER = "SimpleSecretsSpecs/SimpleSecretsSpecs-Prefix.pch";
				INFOPLIST_FILE = "SimpleSecretsSpecs/SimpleSecretsSpecs-Info.plist";
				PRODUCT_NAME = "$(TARGET_NAME)";
				WRAPPER_EXTENSION = octest;
			};
			name = Release;
		};
		B0F7C4DF173F319700275A2D /* Debug */ = {
			isa = XCBuildConfiguration;
			buildSettings = {
				ALWAYS_SEARCH_USER_PATHS = NO;
				CLANG_CXX_LANGUAGE_STANDARD = "gnu++0x";
				CLANG_CXX_LIBRARY = "libc++";
				CLANG_ENABLE_OBJC_ARC = YES;
				CLANG_WARN_CONSTANT_CONVERSION = YES;
				CLANG_WARN_EMPTY_BODY = YES;
				CLANG_WARN_ENUM_CONVERSION = YES;
				CLANG_WARN_INT_CONVERSION = YES;
				CLANG_WARN__DUPLICATE_METHOD_MATCH = YES;
				COPY_PHASE_STRIP = NO;
				GCC_C_LANGUAGE_STANDARD = gnu99;
				GCC_DYNAMIC_NO_PIC = NO;
				GCC_OPTIMIZATION_LEVEL = 0;
				GCC_PREPROCESSOR_DEFINITIONS = (
					"DEBUG=1",
					"$(inherited)",
				);
				GCC_SYMBOLS_PRIVATE_EXTERN = NO;
				GCC_WARN_ABOUT_RETURN_TYPE = YES;
				GCC_WARN_UNINITIALIZED_AUTOS = YES;
				GCC_WARN_UNUSED_VARIABLE = YES;
				IPHONEOS_DEPLOYMENT_TARGET = 6.1;
				ONLY_ACTIVE_ARCH = YES;
				SDKROOT = iphoneos;
			};
			name = Debug;
		};
		B0F7C4E0173F319700275A2D /* Release */ = {
			isa = XCBuildConfiguration;
			buildSettings = {
				ALWAYS_SEARCH_USER_PATHS = NO;
				CLANG_CXX_LANGUAGE_STANDARD = "gnu++0x";
				CLANG_CXX_LIBRARY = "libc++";
				CLANG_ENABLE_OBJC_ARC = YES;
				CLANG_WARN_CONSTANT_CONVERSION = YES;
				CLANG_WARN_EMPTY_BODY = YES;
				CLANG_WARN_ENUM_CONVERSION = YES;
				CLANG_WARN_INT_CONVERSION = YES;
				CLANG_WARN__DUPLICATE_METHOD_MATCH = YES;
				COPY_PHASE_STRIP = YES;
				GCC_C_LANGUAGE_STANDARD = gnu99;
				GCC_WARN_ABOUT_RETURN_TYPE = YES;
				GCC_WARN_UNINITIALIZED_AUTOS = YES;
				GCC_WARN_UNUSED_VARIABLE = YES;
				IPHONEOS_DEPLOYMENT_TARGET = 6.1;
				SDKROOT = iphoneos;
				VALIDATE_PRODUCT = YES;
			};
			name = Release;
		};
		B0F7C4E2173F319700275A2D /* Debug */ = {
			isa = XCBuildConfiguration;
			baseConfigurationReference = FB1194CDFC3B4207976AC87D /* Pods.xcconfig */;
			buildSettings = {
				BUNDLE_LOADER = "$(BUILT_PRODUCTS_DIR)/libSimpleSecrets.a";
				DSTROOT = /tmp/SimpleSecrets.dst;
				GCC_PRECOMPILE_PREFIX_HEADER = YES;
				GCC_PREFIX_HEADER = "SimpleSecrets/SimpleSecrets-Prefix.pch";
				OTHER_LDFLAGS = "-ObjC";
				PRODUCT_NAME = "$(TARGET_NAME)";
				SKIP_INSTALL = YES;
				TEST_HOST = "$(BUNDLE_LOADER)";
			};
			name = Debug;
		};
		B0F7C4E3173F319700275A2D /* Release */ = {
			isa = XCBuildConfiguration;
			baseConfigurationReference = FB1194CDFC3B4207976AC87D /* Pods.xcconfig */;
			buildSettings = {
				BUNDLE_LOADER = "$(BUILT_PRODUCTS_DIR)/libSimpleSecrets.a";
				DSTROOT = /tmp/SimpleSecrets.dst;
				GCC_PRECOMPILE_PREFIX_HEADER = YES;
				GCC_PREFIX_HEADER = "SimpleSecrets/SimpleSecrets-Prefix.pch";
				OTHER_LDFLAGS = "-ObjC";
				PRODUCT_NAME = "$(TARGET_NAME)";
				SKIP_INSTALL = YES;
				TEST_HOST = "$(BUNDLE_LOADER)";
			};
			name = Release;
		};
/* End XCBuildConfiguration section */

/* Begin XCConfigurationList section */
		B0335B58173F37B300B6F01C /* Build configuration list for PBXNativeTarget "SimpleSecretsSpecs" */ = {
			isa = XCConfigurationList;
			buildConfigurations = (
				B0335B59173F37B300B6F01C /* Debug */,
				B0335B5A173F37B300B6F01C /* Release */,
			);
			defaultConfigurationIsVisible = 0;
			defaultConfigurationName = Release;
		};
		B0F7C4CE173F319700275A2D /* Build configuration list for PBXProject "SimpleSecrets" */ = {
			isa = XCConfigurationList;
			buildConfigurations = (
				B0F7C4DF173F319700275A2D /* Debug */,
				B0F7C4E0173F319700275A2D /* Release */,
			);
			defaultConfigurationIsVisible = 0;
			defaultConfigurationName = Release;
		};
		B0F7C4E1173F319700275A2D /* Build configuration list for PBXNativeTarget "SimpleSecrets" */ = {
			isa = XCConfigurationList;
			buildConfigurations = (
				B0F7C4E2173F319700275A2D /* Debug */,
				B0F7C4E3173F319700275A2D /* Release */,
			);
			defaultConfigurationIsVisible = 0;
			defaultConfigurationName = Release;
		};
/* End XCConfigurationList section */
	};
	rootObject = B0F7C4CB173F319700275A2D /* Project object */;
}
